// !$*UTF8*$!
{
	archiveVersion = 1;
	classes = {
	};
	objectVersion = 46;
	objects = {

/* Begin PBXBuildFile section */
		42FB98B61D15F58500C26098 /* AppDelegate.swift in Sources */ = {isa = PBXBuildFile; fileRef = 42FB98B51D15F58500C26098 /* AppDelegate.swift */; };
		42FB98B81D15F58500C26098 /* ViewController.swift in Sources */ = {isa = PBXBuildFile; fileRef = 42FB98B71D15F58500C26098 /* ViewController.swift */; };
		42FB98BB1D15F58500C26098 /* Main.storyboard in Resources */ = {isa = PBXBuildFile; fileRef = 42FB98B91D15F58500C26098 /* Main.storyboard */; };
		42FB98BD1D15F58500C26098 /* Assets.xcassets in Resources */ = {isa = PBXBuildFile; fileRef = 42FB98BC1D15F58500C26098 /* Assets.xcassets */; };
		42FB98C01D15F58500C26098 /* LaunchScreen.storyboard in Resources */ = {isa = PBXBuildFile; fileRef = 42FB98BE1D15F58500C26098 /* LaunchScreen.storyboard */; };
		42FB98C81D15F90200C26098 /* pokemon.csv in Resources */ = {isa = PBXBuildFile; fileRef = 42FB98C71D15F90200C26098 /* pokemon.csv */; };
		42FB98CB1D15FA6800C26098 /* Pokemon.swift in Sources */ = {isa = PBXBuildFile; fileRef = 42FB98CA1D15FA6800C26098 /* Pokemon.swift */; };
		42FB98CE1D15FF9300C26098 /* PokeCellCollectionViewCell.swift in Sources */ = {isa = PBXBuildFile; fileRef = 42FB98CD1D15FF9300C26098 /* PokeCellCollectionViewCell.swift */; };
/* End PBXBuildFile section */

/* Begin PBXFileReference section */
		42FB98B21D15F58400C26098 /* pokedex.app */ = {isa = PBXFileReference; explicitFileType = wrapper.application; includeInIndex = 0; path = pokedex.app; sourceTree = BUILT_PRODUCTS_DIR; };
		42FB98B51D15F58500C26098 /* AppDelegate.swift */ = {isa = PBXFileReference; lastKnownFileType = sourcecode.swift; path = AppDelegate.swift; sourceTree = "<group>"; };
		42FB98B71D15F58500C26098 /* ViewController.swift */ = {isa = PBXFileReference; lastKnownFileType = sourcecode.swift; path = ViewController.swift; sourceTree = "<group>"; };
		42FB98BA1D15F58500C26098 /* Base */ = {isa = PBXFileReference; lastKnownFileType = file.storyboard; name = Base; path = Base.lproj/Main.storyboard; sourceTree = "<group>"; };
		42FB98BC1D15F58500C26098 /* Assets.xcassets */ = {isa = PBXFileReference; lastKnownFileType = folder.assetcatalog; path = Assets.xcassets; sourceTree = "<group>"; };
		42FB98BF1D15F58500C26098 /* Base */ = {isa = PBXFileReference; lastKnownFileType = file.storyboard; name = Base; path = Base.lproj/LaunchScreen.storyboard; sourceTree = "<group>"; };
		42FB98C11D15F58500C26098 /* Info.plist */ = {isa = PBXFileReference; lastKnownFileType = text.plist.xml; path = Info.plist; sourceTree = "<group>"; };
		42FB98C71D15F90200C26098 /* pokemon.csv */ = {isa = PBXFileReference; fileEncoding = 4; lastKnownFileType = text; path = pokemon.csv; sourceTree = "<group>"; };
		42FB98CA1D15FA6800C26098 /* Pokemon.swift */ = {isa = PBXFileReference; fileEncoding = 4; lastKnownFileType = sourcecode.swift; path = Pokemon.swift; sourceTree = "<group>"; };
		42FB98CD1D15FF9300C26098 /* PokeCellCollectionViewCell.swift */ = {isa = PBXFileReference; fileEncoding = 4; lastKnownFileType = sourcecode.swift; path = PokeCellCollectionViewCell.swift; sourceTree = "<group>"; };
/* End PBXFileReference section */

/* Begin PBXFrameworksBuildPhase section */
		42FB98AF1D15F58400C26098 /* Frameworks */ = {
			isa = PBXFrameworksBuildPhase;
			buildActionMask = 2147483647;
			files = (
			);
			runOnlyForDeploymentPostprocessing = 0;
		};
/* End PBXFrameworksBuildPhase section */

/* Begin PBXGroup section */
		42FB98A91D15F58400C26098 = {
			isa = PBXGroup;
			children = (
				42FB98B41D15F58500C26098 /* pokedex */,
				42FB98B31D15F58400C26098 /* Products */,
			);
			sourceTree = "<group>";
		};
		42FB98B31D15F58400C26098 /* Products */ = {
			isa = PBXGroup;
			children = (
				42FB98B21D15F58400C26098 /* pokedex.app */,
			);
			name = Products;
			sourceTree = "<group>";
		};
		42FB98B41D15F58500C26098 /* pokedex */ = {
			isa = PBXGroup;
			children = (
				42FB98C91D15FA5800C26098 /* Model */,
				42FB98CC1D15FF5B00C26098 /* View */,
				42FB98B51D15F58500C26098 /* AppDelegate.swift */,
				42FB98B71D15F58500C26098 /* ViewController.swift */,
				42FB98C71D15F90200C26098 /* pokemon.csv */,
				42FB98B91D15F58500C26098 /* Main.storyboard */,
				42FB98BC1D15F58500C26098 /* Assets.xcassets */,
				42FB98BE1D15F58500C26098 /* LaunchScreen.storyboard */,
				42FB98C11D15F58500C26098 /* Info.plist */,
			);
			path = pokedex;
			sourceTree = "<group>";
		};
		42FB98C91D15FA5800C26098 /* Model */ = {
			isa = PBXGroup;
			children = (
				42FB98CA1D15FA6800C26098 /* Pokemon.swift */,
			);
			name = Model;
			sourceTree = "<group>";
		};
		42FB98CC1D15FF5B00C26098 /* View */ = {
			isa = PBXGroup;
			children = (
				42FB98CD1D15FF9300C26098 /* PokeCellCollectionViewCell.swift */,
			);
			name = View;
			sourceTree = "<group>";
		};
/* End PBXGroup section */

/* Begin PBXNativeTarget section */
		42FB98B11D15F58400C26098 /* pokedex */ = {
			isa = PBXNativeTarget;
			buildConfigurationList = 42FB98C41D15F58500C26098 /* Build configuration list for PBXNativeTarget "pokedex" */;
			buildPhases = (
				42FB98AE1D15F58400C26098 /* Sources */,
				42FB98AF1D15F58400C26098 /* Frameworks */,
				42FB98B01D15F58400C26098 /* Resources */,
			);
			buildRules = (
			);
			dependencies = (
			);
			name = pokedex;
			productName = pokedex;
			productReference = 42FB98B21D15F58400C26098 /* pokedex.app */;
			productType = "com.apple.product-type.application";
		};
/* End PBXNativeTarget section */

/* Begin PBXProject section */
		42FB98AA1D15F58400C26098 /* Project object */ = {
			isa = PBXProject;
			attributes = {
				LastSwiftUpdateCheck = 0730;
				LastUpgradeCheck = 0730;
				ORGANIZATIONNAME = "Tonni Hyldgaard";
				TargetAttributes = {
					42FB98B11D15F58400C26098 = {
						CreatedOnToolsVersion = 7.3;
						DevelopmentTeam = GJ39WCT989;
					};
				};
			};
			buildConfigurationList = 42FB98AD1D15F58400C26098 /* Build configuration list for PBXProject "pokedex" */;
			compatibilityVersion = "Xcode 3.2";
			developmentRegion = English;
			hasScannedForEncodings = 0;
			knownRegions = (
				en,
				Base,
			);
			mainGroup = 42FB98A91D15F58400C26098;
			productRefGroup = 42FB98B31D15F58400C26098 /* Products */;
			projectDirPath = "";
			projectRoot = "";
			targets = (
				42FB98B11D15F58400C26098 /* pokedex */,
			);
		};
/* End PBXProject section */

/* Begin PBXResourcesBuildPhase section */
		42FB98B01D15F58400C26098 /* Resources */ = {
			isa = PBXResourcesBuildPhase;
			buildActionMask = 2147483647;
			files = (
				42FB98C01D15F58500C26098 /* LaunchScreen.storyboard in Resources */,
				42FB98BD1D15F58500C26098 /* Assets.xcassets in Resources */,
				42FB98C81D15F90200C26098 /* pokemon.csv in Resources */,
				42FB98BB1D15F58500C26098 /* Main.storyboard in Resources */,
			);
			runOnlyForDeploymentPostprocessing = 0;
		};
/* End PBXResourcesBuildPhase section */

/* Begin PBXSourcesBuildPhase section */
		42FB98AE1D15F58400C26098 /* Sources */ = {
			isa = PBXSourcesBuildPhase;
			buildActionMask = 2147483647;
			files = (
				42FB98B81D15F58500C26098 /* ViewController.swift in Sources */,
				42FB98B61D15F58500C26098 /* AppDelegate.swift in Sources */,
				42FB98CE1D15FF9300C26098 /* PokeCellCollectionViewCell.swift in Sources */,
				42FB98CB1D15FA6800C26098 /* Pokemon.swift in Sources */,
			);
			runOnlyForDeploymentPostprocessing = 0;
		};
/* End PBXSourcesBuildPhase section */

/* Begin PBXVariantGroup section */
		42FB98B91D15F58500C26098 /* Main.storyboard */ = {
			isa = PBXVariantGroup;
			children = (
				42FB98BA1D15F58500C26098 /* Base */,
			);
			name = Main.storyboard;
			sourceTree = "<group>";
		};
		42FB98BE1D15F58500C26098 /* LaunchScreen.storyboard */ = {
			isa = PBXVariantGroup;
			children = (
				42FB98BF1D15F58500C26098 /* Base */,
			);
			name = LaunchScreen.storyboard;
			sourceTree = "<group>";
		};
/* End PBXVariantGroup section */

/* Begin XCBuildConfiguration section */
		42FB98C21D15F58500C26098 /* Debug */ = {
			isa = XCBuildConfiguration;
			buildSettings = {
				ALWAYS_SEARCH_USER_PATHS = NO;
				CLANG_ANALYZER_NONNULL = YES;
				CLANG_CXX_LANGUAGE_STANDARD = "gnu++0x";
				CLANG_CXX_LIBRARY = "libc++";
				CLANG_ENABLE_MODULES = YES;
				CLANG_ENABLE_OBJC_ARC = YES;
				CLANG_WARN_BOOL_CONVERSION = YES;
				CLANG_WARN_CONSTANT_CONVERSION = YES;
				CLANG_WARN_DIRECT_OBJC_ISA_USAGE = YES_ERROR;
				CLANG_WARN_EMPTY_BODY = YES;
				CLANG_WARN_ENUM_CONVERSION = YES;
				CLANG_WARN_INT_CONVERSION = YES;
				CLANG_WARN_OBJC_ROOT_CLASS = YES_ERROR;
				CLANG_WARN_UNREACHABLE_CODE = YES;
				CLANG_WARN__DUPLICATE_METHOD_MATCH = YES;
				"CODE_SIGN_IDENTITY[sdk=iphoneos*]" = "iPhone Developer";
				COPY_PHASE_STRIP = NO;
				DEBUG_INFORMATION_FORMAT = dwarf;
				ENABLE_STRICT_OBJC_MSGSEND = YES;
				ENABLE_TESTABILITY = YES;
				GCC_C_LANGUAGE_STANDARD = gnu99;
				GCC_DYNAMIC_NO_PIC = NO;
				GCC_NO_COMMON_BLOCKS = YES;
				GCC_OPTIMIZATION_LEVEL = 0;
				GCC_PREPROCESSOR_DEFINITIONS = (
					"DEBUG=1",
					"$(inherited)",
				);
				GCC_WARN_64_TO_32_BIT_CONVERSION = YES;
				GCC_WARN_ABOUT_RETURN_TYPE = YES_ERROR;
				GCC_WARN_UNDECLARED_SELECTOR = YES;
				GCC_WARN_UNINITIALIZED_AUTOS = YES_AGGRESSIVE;
				GCC_WARN_UNUSED_FUNCTION = YES;
				GCC_WARN_UNUSED_VARIABLE = YES;
				IPHONEOS_DEPLOYMENT_TARGET = 9.3;
				MTL_ENABLE_DEBUG_INFO = YES;
				ONLY_ACTIVE_ARCH = YES;
				SDKROOT = iphoneos;
				SWIFT_OPTIMIZATION_LEVEL = "-Onone";
			};
			name = Debug;
		};
		42FB98C31D15F58500C26098 /* Release */ = {
			isa = XCBuildConfiguration;
			buildSettings = {
				ALWAYS_SEARCH_USER_PATHS = NO;
				CLANG_ANALYZER_NONNULL = YES;
				CLANG_CXX_LANGUAGE_STANDARD = "gnu++0x";
				CLANG_CXX_LIBRARY = "libc++";
				CLANG_ENABLE_MODULES = YES;
				CLANG_ENABLE_OBJC_ARC = YES;
				CLANG_WARN_BOOL_CONVERSION = YES;
				CLANG_WARN_CONSTANT_CONVERSION = YES;
				CLANG_WARN_DIRECT_OBJC_ISA_USAGE = YES_ERROR;
				CLANG_WARN_EMPTY_BODY = YES;
				CLANG_WARN_ENUM_CONVERSION = YES;
				CLANG_WARN_INT_CONVERSION = YES;
				CLANG_WARN_OBJC_ROOT_CLASS = YES_ERROR;
				CLANG_WARN_UNREACHABLE_CODE = YES;
				CLANG_WARN__DUPLICATE_METHOD_MATCH = YES;
				"CODE_SIGN_IDENTITY[sdk=iphoneos*]" = "iPhone Developer";
				COPY_PHASE_STRIP = NO;
				DEBUG_INFORMATION_FORMAT = "dwarf-with-dsym";
				ENABLE_NS_ASSERTIONS = NO;
				ENABLE_STRICT_OBJC_MSGSEND = YES;
				GCC_C_LANGUAGE_STANDARD = gnu99;
				GCC_NO_COMMON_BLOCKS = YES;
				GCC_WARN_64_TO_32_BIT_CONVERSION = YES;
				GCC_WARN_ABOUT_RETURN_TYPE = YES_ERROR;
				GCC_WARN_UNDECLARED_SELECTOR = YES;
				GCC_WARN_UNINITIALIZED_AUTOS = YES_AGGRESSIVE;
				GCC_WARN_UNUSED_FUNCTION = YES;
				GCC_WARN_UNUSED_VARIABLE = YES;
				IPHONEOS_DEPLOYMENT_TARGET = 9.3;
				MTL_ENABLE_DEBUG_INFO = NO;
				SDKROOT = iphoneos;
				VALIDATE_PRODUCT = YES;
			};
			name = Release;
		};
		42FB98C51D15F58500C26098 /* Debug */ = {
			isa = XCBuildConfiguration;
			buildSettings = {
				ASSETCATALOG_COMPILER_APPICON_NAME = AppIcon;
				INFOPLIST_FILE = pokedex/Info.plist;
				LD_RUNPATH_SEARCH_PATHS = "$(inherited) @executable_path/Frameworks";
				PRODUCT_BUNDLE_IDENTIFIER = tonni.hyldgaard.pokedex;
				PRODUCT_NAME = "$(TARGET_NAME)";
			};
			name = Debug;
		};
		42FB98C61D15F58500C26098 /* Release */ = {
			isa = XCBuildConfiguration;
			buildSettings = {
				ASSETCATALOG_COMPILER_APPICON_NAME = AppIcon;
				INFOPLIST_FILE = pokedex/Info.plist;
				LD_RUNPATH_SEARCH_PATHS = "$(inherited) @executable_path/Frameworks";
				PRODUCT_BUNDLE_IDENTIFIER = tonni.hyldgaard.pokedex;
				PRODUCT_NAME = "$(TARGET_NAME)";
			};
			name = Release;
		};
/* End XCBuildConfiguration section */

/* Begin XCConfigurationList section */
		42FB98AD1D15F58400C26098 /* Build configuration list for PBXProject "pokedex" */ = {
			isa = XCConfigurationList;
			buildConfigurations = (
				42FB98C21D15F58500C26098 /* Debug */,
				42FB98C31D15F58500C26098 /* Release */,
			);
			defaultConfigurationIsVisible = 0;
			defaultConfigurationName = Release;
		};
		42FB98C41D15F58500C26098 /* Build configuration list for PBXNativeTarget "pokedex" */ = {
			isa = XCConfigurationList;
			buildConfigurations = (
				42FB98C51D15F58500C26098 /* Debug */,
				42FB98C61D15F58500C26098 /* Release */,
			);
			defaultConfigurationIsVisible = 0;
		};
/* End XCConfigurationList section */
	};
	rootObject = 42FB98AA1D15F58400C26098 /* Project object */;
}
